// !$*UTF8*$!
{
	archiveVersion = 1;
	classes = {
	};
	objectVersion = 46;
	objects = {

/* Begin PBXBuildFile section */
		DD6275331F85F7EE00CEE5EC /* AppDelegate.swift in Sources */ = {isa = PBXBuildFile; fileRef = DD6275321F85F7EE00CEE5EC /* AppDelegate.swift */; };
		DD6275351F85F7EE00CEE5EC /* ViewController.swift in Sources */ = {isa = PBXBuildFile; fileRef = DD6275341F85F7EE00CEE5EC /* ViewController.swift */; };
		DD6275381F85F7EE00CEE5EC /* Main.storyboard in Resources */ = {isa = PBXBuildFile; fileRef = DD6275361F85F7EE00CEE5EC /* Main.storyboard */; };
		DD62753A1F85F7EF00CEE5EC /* Assets.xcassets in Resources */ = {isa = PBXBuildFile; fileRef = DD6275391F85F7EF00CEE5EC /* Assets.xcassets */; };
		DD62753D1F85F7EF00CEE5EC /* LaunchScreen.storyboard in Resources */ = {isa = PBXBuildFile; fileRef = DD62753B1F85F7EF00CEE5EC /* LaunchScreen.storyboard */; };
		DD6275451F85F85F00CEE5EC /* TableViewController.swift in Sources */ = {isa = PBXBuildFile; fileRef = DD6275441F85F85F00CEE5EC /* TableViewController.swift */; };
		DD6275471F860D6900CEE5EC /* AddClimbViewController.swift in Sources */ = {isa = PBXBuildFile; fileRef = DD6275461F860D6900CEE5EC /* AddClimbViewController.swift */; };
		DD6275851F9018D200CEE5EC /* DateLocationViewController.swift in Sources */ = {isa = PBXBuildFile; fileRef = DD6275841F9018D200CEE5EC /* DateLocationViewController.swift */; };
		DD9411E01F9046AF00C4B02A /* ResultsViewController.swift in Sources */ = {isa = PBXBuildFile; fileRef = DD9411DF1F9046AF00C4B02A /* ResultsViewController.swift */; };
/* End PBXBuildFile section */

/* Begin PBXFileReference section */
		DD62752F1F85F7EE00CEE5EC /* project1UPDATED.app */ = {isa = PBXFileReference; explicitFileType = wrapper.application; includeInIndex = 0; path = project1UPDATED.app; sourceTree = BUILT_PRODUCTS_DIR; };
		DD6275321F85F7EE00CEE5EC /* AppDelegate.swift */ = {isa = PBXFileReference; lastKnownFileType = sourcecode.swift; path = AppDelegate.swift; sourceTree = "<group>"; };
		DD6275341F85F7EE00CEE5EC /* ViewController.swift */ = {isa = PBXFileReference; lastKnownFileType = sourcecode.swift; path = ViewController.swift; sourceTree = "<group>"; };
		DD6275371F85F7EE00CEE5EC /* Base */ = {isa = PBXFileReference; lastKnownFileType = file.storyboard; name = Base; path = Base.lproj/Main.storyboard; sourceTree = "<group>"; };
		DD6275391F85F7EF00CEE5EC /* Assets.xcassets */ = {isa = PBXFileReference; lastKnownFileType = folder.assetcatalog; path = Assets.xcassets; sourceTree = "<group>"; };
		DD62753C1F85F7EF00CEE5EC /* Base */ = {isa = PBXFileReference; lastKnownFileType = file.storyboard; name = Base; path = Base.lproj/LaunchScreen.storyboard; sourceTree = "<group>"; };
		DD62753E1F85F7EF00CEE5EC /* Info.plist */ = {isa = PBXFileReference; lastKnownFileType = text.plist.xml; path = Info.plist; sourceTree = "<group>"; };
		DD6275441F85F85F00CEE5EC /* TableViewController.swift */ = {isa = PBXFileReference; fileEncoding = 4; lastKnownFileType = sourcecode.swift; path = TableViewController.swift; sourceTree = "<group>"; };
		DD6275461F860D6900CEE5EC /* AddClimbViewController.swift */ = {isa = PBXFileReference; fileEncoding = 4; lastKnownFileType = sourcecode.swift; path = AddClimbViewController.swift; sourceTree = "<group>"; };
		DD6275841F9018D200CEE5EC /* DateLocationViewController.swift */ = {isa = PBXFileReference; fileEncoding = 4; lastKnownFileType = sourcecode.swift; path = DateLocationViewController.swift; sourceTree = "<group>"; };
		DD9411DF1F9046AF00C4B02A /* ResultsViewController.swift */ = {isa = PBXFileReference; fileEncoding = 4; lastKnownFileType = sourcecode.swift; path = ResultsViewController.swift; sourceTree = "<group>"; };
/* End PBXFileReference section */

/* Begin PBXFrameworksBuildPhase section */
		DD62752C1F85F7EE00CEE5EC /* Frameworks */ = {
			isa = PBXFrameworksBuildPhase;
			buildActionMask = 2147483647;
			files = (
			);
			runOnlyForDeploymentPostprocessing = 0;
		};
/* End PBXFrameworksBuildPhase section */

/* Begin PBXGroup section */
		DD6275261F85F7EE00CEE5EC = {
			isa = PBXGroup;
			children = (
				DD6275311F85F7EE00CEE5EC /* project1UPDATED */,
				DD6275301F85F7EE00CEE5EC /* Products */,
			);
			sourceTree = "<group>";
		};
		DD6275301F85F7EE00CEE5EC /* Products */ = {
			isa = PBXGroup;
			children = (
				DD62752F1F85F7EE00CEE5EC /* project1UPDATED.app */,
			);
			name = Products;
			sourceTree = "<group>";
		};
		DD6275311F85F7EE00CEE5EC /* project1UPDATED */ = {
			isa = PBXGroup;
			children = (
				DD6275321F85F7EE00CEE5EC /* AppDelegate.swift */,
				DD6275341F85F7EE00CEE5EC /* ViewController.swift */,
				DD9411DF1F9046AF00C4B02A /* ResultsViewController.swift */,
				DD6275361F85F7EE00CEE5EC /* Main.storyboard */,
				DD6275841F9018D200CEE5EC /* DateLocationViewController.swift */,
				DD6275461F860D6900CEE5EC /* AddClimbViewController.swift */,
				DD6275441F85F85F00CEE5EC /* TableViewController.swift */,
				DD6275391F85F7EF00CEE5EC /* Assets.xcassets */,
				DD62753B1F85F7EF00CEE5EC /* LaunchScreen.storyboard */,
				DD62753E1F85F7EF00CEE5EC /* Info.plist */,
			);
			path = project1UPDATED;
			sourceTree = "<group>";
		};
/* End PBXGroup section */

/* Begin PBXNativeTarget section */
		DD62752E1F85F7EE00CEE5EC /* project1UPDATED */ = {
			isa = PBXNativeTarget;
			buildConfigurationList = DD6275411F85F7EF00CEE5EC /* Build configuration list for PBXNativeTarget "project1UPDATED" */;
			buildPhases = (
				DD62752B1F85F7EE00CEE5EC /* Sources */,
				DD62752C1F85F7EE00CEE5EC /* Frameworks */,
				DD62752D1F85F7EE00CEE5EC /* Resources */,
			);
			buildRules = (
			);
			dependencies = (
			);
			name = project1UPDATED;
			productName = project1UPDATED;
			productReference = DD62752F1F85F7EE00CEE5EC /* project1UPDATED.app */;
			productType = "com.apple.product-type.application";
		};
/* End PBXNativeTarget section */

/* Begin PBXProject section */
		DD6275271F85F7EE00CEE5EC /* Project object */ = {
			isa = PBXProject;
			attributes = {
				LastSwiftUpdateCheck = 0830;
				LastUpgradeCheck = 0830;
				ORGANIZATIONNAME = "Alexander Ward";
				TargetAttributes = {
					DD62752E1F85F7EE00CEE5EC = {
						CreatedOnToolsVersion = 8.3.3;
						DevelopmentTeam = 72L5XTC923;
						ProvisioningStyle = Automatic;
					};
				};
			};
			buildConfigurationList = DD62752A1F85F7EE00CEE5EC /* Build configuration list for PBXProject "project1UPDATED" */;
			compatibilityVersion = "Xcode 3.2";
			developmentRegion = English;
			hasScannedForEncodings = 0;
			knownRegions = (
				en,
				Base,
			);
			mainGroup = DD6275261F85F7EE00CEE5EC;
			productRefGroup = DD6275301F85F7EE00CEE5EC /* Products */;
			projectDirPath = "";
			projectRoot = "";
			targets = (
				DD62752E1F85F7EE00CEE5EC /* project1UPDATED */,
			);
		};
/* End PBXProject section */

/* Begin PBXResourcesBuildPhase section */
		DD62752D1F85F7EE00CEE5EC /* Resources */ = {
			isa = PBXResourcesBuildPhase;
			buildActionMask = 2147483647;
			files = (
				DD62753D1F85F7EF00CEE5EC /* LaunchScreen.storyboard in Resources */,
				DD62753A1F85F7EF00CEE5EC /* Assets.xcassets in Resources */,
				DD6275381F85F7EE00CEE5EC /* Main.storyboard in Resources */,
			);
			runOnlyForDeploymentPostprocessing = 0;
		};
/* End PBXResourcesBuildPhase section */

/* Begin PBXSourcesBuildPhase section */
		DD62752B1F85F7EE00CEE5EC /* Sources */ = {
			isa = PBXSourcesBuildPhase;
			buildActionMask = 2147483647;
			files = (
				DD6275351F85F7EE00CEE5EC /* ViewController.swift in Sources */,
				DD6275451F85F85F00CEE5EC /* TableViewController.swift in Sources */,
				DD6275851F9018D200CEE5EC /* DateLocationViewController.swift in Sources */,
				DD6275471F860D6900CEE5EC /* AddClimbViewController.swift in Sources */,
				DD6275331F85F7EE00CEE5EC /* AppDelegate.swift in Sources */,
				DD9411E01F9046AF00C4B02A /* ResultsViewController.swift in Sources */,
			);
			runOnlyForDeploymentPostprocessing = 0;
		};
/* End PBXSourcesBuildPhase section */

/* Begin PBXVariantGroup section */
		DD6275361F85F7EE00CEE5EC /* Main.storyboard */ = {
			isa = PBXVariantGroup;
			children = (
				DD6275371F85F7EE00CEE5EC /* Base */,
			);
			name = Main.storyboard;
			sourceTree = "<group>";
		};
		DD62753B1F85F7EF00CEE5EC /* LaunchScreen.storyboard */ = {
			isa = PBXVariantGroup;
			children = (
				DD62753C1F85F7EF00CEE5EC /* Base */,
			);
			name = LaunchScreen.storyboard;
			sourceTree = "<group>";
		};
/* End PBXVariantGroup section */

/* Begin XCBuildConfiguration section */
		DD62753F1F85F7EF00CEE5EC /* Debug */ = {
			isa = XCBuildConfiguration;
			buildSettings = {
				ALWAYS_SEARCH_USER_PATHS = NO;
				CLANG_ANALYZER_NONNULL = YES;
				CLANG_ANALYZER_NUMBER_OBJECT_CONVERSION = YES_AGGRESSIVE;
				CLANG_CXX_LANGUAGE_STANDARD = "gnu++0x";
				CLANG_CXX_LIBRARY = "libc++";
				CLANG_ENABLE_MODULES = YES;
				CLANG_ENABLE_OBJC_ARC = YES;
				CLANG_WARN_BOOL_CONVERSION = YES;
				CLANG_WARN_CONSTANT_CONVERSION = YES;
				CLANG_WARN_DIRECT_OBJC_ISA_USAGE = YES_ERROR;
				CLANG_WARN_DOCUMENTATION_COMMENTS = YES;
				CLANG_WARN_EMPTY_BODY = YES;
				CLANG_WARN_ENUM_CONVERSION = YES;
				CLANG_WARN_INFINITE_RECURSION = YES;
				CLANG_WARN_INT_CONVERSION = YES;
				CLANG_WARN_OBJC_ROOT_CLASS = YES_ERROR;
				CLANG_WARN_SUSPICIOUS_MOVE = YES;
				CLANG_WARN_UNREACHABLE_CODE = YES;
				CLANG_WARN__DUPLICATE_METHOD_MATCH = YES;
				"CODE_SIGN_IDENTITY[sdk=iphoneos*]" = "iPhone Developer";
				COPY_PHASE_STRIP = NO;
				DEBUG_INFORMATION_FORMAT = dwarf;
				ENABLE_STRICT_OBJC_MSGSEND = YES;
				ENABLE_TESTABILITY = YES;
				GCC_C_LANGUAGE_STANDARD = gnu99;
				GCC_DYNAMIC_NO_PIC = NO;
				GCC_NO_COMMON_BLOCKS = YES;
				GCC_OPTIMIZATION_LEVEL = 0;
				GCC_PREPROCESSOR_DEFINITIONS = (
					"DEBUG=1",
					"$(inherited)",
				);
				GCC_WARN_64_TO_32_BIT_CONVERSION = YES;
				GCC_WARN_ABOUT_RETURN_TYPE = YES_ERROR;
				GCC_WARN_UNDECLARED_SELECTOR = YES;
				GCC_WARN_UNINITIALIZED_AUTOS = YES_AGGRESSIVE;
				GCC_WARN_UNUSED_FUNCTION = YES;
				GCC_WARN_UNUSED_VARIABLE = YES;
				IPHONEOS_DEPLOYMENT_TARGET = 10.3;
				MTL_ENABLE_DEBUG_INFO = YES;
				ONLY_ACTIVE_ARCH = YES;
				SDKROOT = iphoneos;
				SWIFT_ACTIVE_COMPILATION_CONDITIONS = DEBUG;
				SWIFT_OPTIMIZATION_LEVEL = "-Onone";
			};
			name = Debug;
		};
		DD6275401F85F7EF00CEE5EC /* Release */ = {
			isa = XCBuildConfiguration;
			buildSettings = {
				ALWAYS_SEARCH_USER_PATHS = NO;
				CLANG_ANALYZER_NONNULL = YES;
				CLANG_ANALYZER_NUMBER_OBJECT_CONVERSION = YES_AGGRESSIVE;
				CLANG_CXX_LANGUAGE_STANDARD = "gnu++0x";
				CLANG_CXX_LIBRARY = "libc++";
				CLANG_ENABLE_MODULES = YES;
				CLANG_ENABLE_OBJC_ARC = YES;
				CLANG_WARN_BOOL_CONVERSION = YES;
				CLANG_WARN_CONSTANT_CONVERSION = YES;
				CLANG_WARN_DIRECT_OBJC_ISA_USAGE = YES_ERROR;
				CLANG_WARN_DOCUMENTATION_COMMENTS = YES;
				CLANG_WARN_EMPTY_BODY = YES;
				CLANG_WARN_ENUM_CONVERSION = YES;
				CLANG_WARN_INFINITE_RECURSION = YES;
				CLANG_WARN_INT_CONVERSION = YES;
				CLANG_WARN_OBJC_ROOT_CLASS = YES_ERROR;
				CLANG_WARN_SUSPICIOUS_MOVE = YES;
				CLANG_WARN_UNREACHABLE_CODE = YES;
				CLANG_WARN__DUPLICATE_METHOD_MATCH = YES;
				"CODE_SIGN_IDENTITY[sdk=iphoneos*]" = "iPhone Developer";
				COPY_PHASE_STRIP = NO;
				DEBUG_INFORMATION_FORMAT = "dwarf-with-dsym";
				ENABLE_NS_ASSERTIONS = NO;
				ENABLE_STRICT_OBJC_MSGSEND = YES;
				GCC_C_LANGUAGE_STANDARD = gnu99;
				GCC_NO_COMMON_BLOCKS = YES;
				GCC_WARN_64_TO_32_BIT_CONVERSION = YES;
				GCC_WARN_ABOUT_RETURN_TYPE = YES_ERROR;
				GCC_WARN_UNDECLARED_SELECTOR = YES;
				GCC_WARN_UNINITIALIZED_AUTOS = YES_AGGRESSIVE;
				GCC_WARN_UNUSED_FUNCTION = YES;
				GCC_WARN_UNUSED_VARIABLE = YES;
				IPHONEOS_DEPLOYMENT_TARGET = 10.3;
				MTL_ENABLE_DEBUG_INFO = NO;
				SDKROOT = iphoneos;
				SWIFT_OPTIMIZATION_LEVEL = "-Owholemodule";
				VALIDATE_PRODUCT = YES;
			};
			name = Release;
		};
		DD6275421F85F7EF00CEE5EC /* Debug */ = {
			isa = XCBuildConfiguration;
			buildSettings = {
				ASSETCATALOG_COMPILER_APPICON_NAME = AppIcon;
				DEVELOPMENT_TEAM = 72L5XTC923;
				INFOPLIST_FILE = project1UPDATED/Info.plist;
				LD_RUNPATH_SEARCH_PATHS = "$(inherited) @executable_path/Frameworks";
				PRODUCT_BUNDLE_IDENTIFIER = ATLS4120.project1UPDATED;
				PRODUCT_NAME = "$(TARGET_NAME)";
				SWIFT_VERSION = 3.0;
			};
			name = Debug;
		};
		DD6275431F85F7EF00CEE5EC /* Release */ = {
			isa = XCBuildConfiguration;
			buildSettings = {
				ASSETCATALOG_COMPILER_APPICON_NAME = AppIcon;
				DEVELOPMENT_TEAM = 72L5XTC923;
				INFOPLIST_FILE = project1UPDATED/Info.plist;
				LD_RUNPATH_SEARCH_PATHS = "$(inherited) @executable_path/Frameworks";
				PRODUCT_BUNDLE_IDENTIFIER = ATLS4120.project1UPDATED;
				PRODUCT_NAME = "$(TARGET_NAME)";
				SWIFT_VERSION = 3.0;
			};
			name = Release;
		};
/* End XCBuildConfiguration section */

/* Begin XCConfigurationList section */
		DD62752A1F85F7EE00CEE5EC /* Build configuration list for PBXProject "project1UPDATED" */ = {
			isa = XCConfigurationList;
			buildConfigurations = (
				DD62753F1F85F7EF00CEE5EC /* Debug */,
				DD6275401F85F7EF00CEE5EC /* Release */,
			);
			defaultConfigurationIsVisible = 0;
			defaultConfigurationName = Release;
		};
		DD6275411F85F7EF00CEE5EC /* Build configuration list for PBXNativeTarget "project1UPDATED" */ = {
			isa = XCConfigurationList;
			buildConfigurations = (
				DD6275421F85F7EF00CEE5EC /* Debug */,
				DD6275431F85F7EF00CEE5EC /* Release */,
			);
			defaultConfigurationIsVisible = 0;
			defaultConfigurationName = Release;
		};
/* End XCConfigurationList section */
	};
	rootObject = DD6275271F85F7EE00CEE5EC /* Project object */;
}
