// !$*UTF8*$!
{
	archiveVersion = 1;
	classes = {
	};
	objectVersion = 46;
	objects = {

/* Begin PBXBuildFile section */
		DDDA67A21F991A1A00382EC1 /* AppDelegate.swift in Sources */ = {isa = PBXBuildFile; fileRef = DDDA67A11F991A1A00382EC1 /* AppDelegate.swift */; };
		DDDA67A41F991A1A00382EC1 /* ViewController.swift in Sources */ = {isa = PBXBuildFile; fileRef = DDDA67A31F991A1A00382EC1 /* ViewController.swift */; };
		DDDA67A71F991A1A00382EC1 /* Main.storyboard in Resources */ = {isa = PBXBuildFile; fileRef = DDDA67A51F991A1A00382EC1 /* Main.storyboard */; };
		DDDA67A91F991A1A00382EC1 /* Assets.xcassets in Resources */ = {isa = PBXBuildFile; fileRef = DDDA67A81F991A1A00382EC1 /* Assets.xcassets */; };
		DDDA67AC1F991A1A00382EC1 /* LaunchScreen.storyboard in Resources */ = {isa = PBXBuildFile; fileRef = DDDA67AA1F991A1A00382EC1 /* LaunchScreen.storyboard */; };
/* End PBXBuildFile section */

/* Begin PBXFileReference section */
		DDDA679E1F991A1A00382EC1 /* Midterm1NEW.app */ = {isa = PBXFileReference; explicitFileType = wrapper.application; includeInIndex = 0; path = Midterm1NEW.app; sourceTree = BUILT_PRODUCTS_DIR; };
		DDDA67A11F991A1A00382EC1 /* AppDelegate.swift */ = {isa = PBXFileReference; lastKnownFileType = sourcecode.swift; path = AppDelegate.swift; sourceTree = "<group>"; };
		DDDA67A31F991A1A00382EC1 /* ViewController.swift */ = {isa = PBXFileReference; lastKnownFileType = sourcecode.swift; path = ViewController.swift; sourceTree = "<group>"; };
		DDDA67A61F991A1A00382EC1 /* Base */ = {isa = PBXFileReference; lastKnownFileType = file.storyboard; name = Base; path = Base.lproj/Main.storyboard; sourceTree = "<group>"; };
		DDDA67A81F991A1A00382EC1 /* Assets.xcassets */ = {isa = PBXFileReference; lastKnownFileType = folder.assetcatalog; path = Assets.xcassets; sourceTree = "<group>"; };
		DDDA67AB1F991A1A00382EC1 /* Base */ = {isa = PBXFileReference; lastKnownFileType = file.storyboard; name = Base; path = Base.lproj/LaunchScreen.storyboard; sourceTree = "<group>"; };
		DDDA67AD1F991A1A00382EC1 /* Info.plist */ = {isa = PBXFileReference; lastKnownFileType = text.plist.xml; path = Info.plist; sourceTree = "<group>"; };
/* End PBXFileReference section */

/* Begin PBXFrameworksBuildPhase section */
		DDDA679B1F991A1900382EC1 /* Frameworks */ = {
			isa = PBXFrameworksBuildPhase;
			buildActionMask = 2147483647;
			files = (
			);
			runOnlyForDeploymentPostprocessing = 0;
		};
/* End PBXFrameworksBuildPhase section */

/* Begin PBXGroup section */
		DDDA67951F991A1900382EC1 = {
			isa = PBXGroup;
			children = (
				DDDA67A01F991A1A00382EC1 /* Midterm1NEW */,
				DDDA679F1F991A1A00382EC1 /* Products */,
			);
			sourceTree = "<group>";
		};
		DDDA679F1F991A1A00382EC1 /* Products */ = {
			isa = PBXGroup;
			children = (
				DDDA679E1F991A1A00382EC1 /* Midterm1NEW.app */,
			);
			name = Products;
			sourceTree = "<group>";
		};
		DDDA67A01F991A1A00382EC1 /* Midterm1NEW */ = {
			isa = PBXGroup;
			children = (
				DDDA67A11F991A1A00382EC1 /* AppDelegate.swift */,
				DDDA67A31F991A1A00382EC1 /* ViewController.swift */,
				DDDA67A51F991A1A00382EC1 /* Main.storyboard */,
				DDDA67A81F991A1A00382EC1 /* Assets.xcassets */,
				DDDA67AA1F991A1A00382EC1 /* LaunchScreen.storyboard */,
				DDDA67AD1F991A1A00382EC1 /* Info.plist */,
			);
			path = Midterm1NEW;
			sourceTree = "<group>";
		};
/* End PBXGroup section */

/* Begin PBXNativeTarget section */
		DDDA679D1F991A1900382EC1 /* Midterm1NEW */ = {
			isa = PBXNativeTarget;
			buildConfigurationList = DDDA67B01F991A1A00382EC1 /* Build configuration list for PBXNativeTarget "Midterm1NEW" */;
			buildPhases = (
				DDDA679A1F991A1900382EC1 /* Sources */,
				DDDA679B1F991A1900382EC1 /* Frameworks */,
				DDDA679C1F991A1900382EC1 /* Resources */,
			);
			buildRules = (
			);
			dependencies = (
			);
			name = Midterm1NEW;
			productName = Midterm1NEW;
			productReference = DDDA679E1F991A1A00382EC1 /* Midterm1NEW.app */;
			productType = "com.apple.product-type.application";
		};
/* End PBXNativeTarget section */

/* Begin PBXProject section */
		DDDA67961F991A1900382EC1 /* Project object */ = {
			isa = PBXProject;
			attributes = {
				LastSwiftUpdateCheck = 0830;
				LastUpgradeCheck = 0830;
				ORGANIZATIONNAME = "Alexander Ward";
				TargetAttributes = {
					DDDA679D1F991A1900382EC1 = {
						CreatedOnToolsVersion = 8.3.3;
						ProvisioningStyle = Automatic;
					};
				};
			};
			buildConfigurationList = DDDA67991F991A1900382EC1 /* Build configuration list for PBXProject "Midterm1NEW" */;
			compatibilityVersion = "Xcode 3.2";
			developmentRegion = English;
			hasScannedForEncodings = 0;
			knownRegions = (
				en,
				Base,
			);
			mainGroup = DDDA67951F991A1900382EC1;
			productRefGroup = DDDA679F1F991A1A00382EC1 /* Products */;
			projectDirPath = "";
			projectRoot = "";
			targets = (
				DDDA679D1F991A1900382EC1 /* Midterm1NEW */,
			);
		};
/* End PBXProject section */

/* Begin PBXResourcesBuildPhase section */
		DDDA679C1F991A1900382EC1 /* Resources */ = {
			isa = PBXResourcesBuildPhase;
			buildActionMask = 2147483647;
			files = (
				DDDA67AC1F991A1A00382EC1 /* LaunchScreen.storyboard in Resources */,
				DDDA67A91F991A1A00382EC1 /* Assets.xcassets in Resources */,
				DDDA67A71F991A1A00382EC1 /* Main.storyboard in Resources */,
			);
			runOnlyForDeploymentPostprocessing = 0;
		};
/* End PBXResourcesBuildPhase section */

/* Begin PBXSourcesBuildPhase section */
		DDDA679A1F991A1900382EC1 /* Sources */ = {
			isa = PBXSourcesBuildPhase;
			buildActionMask = 2147483647;
			files = (
				DDDA67A41F991A1A00382EC1 /* ViewController.swift in Sources */,
				DDDA67A21F991A1A00382EC1 /* AppDelegate.swift in Sources */,
			);
			runOnlyForDeploymentPostprocessing = 0;
		};
/* End PBXSourcesBuildPhase section */

/* Begin PBXVariantGroup section */
		DDDA67A51F991A1A00382EC1 /* Main.storyboard */ = {
			isa = PBXVariantGroup;
			children = (
				DDDA67A61F991A1A00382EC1 /* Base */,
			);
			name = Main.storyboard;
			sourceTree = "<group>";
		};
		DDDA67AA1F991A1A00382EC1 /* LaunchScreen.storyboard */ = {
			isa = PBXVariantGroup;
			children = (
				DDDA67AB1F991A1A00382EC1 /* Base */,
			);
			name = LaunchScreen.storyboard;
			sourceTree = "<group>";
		};
/* End PBXVariantGroup section */

/* Begin XCBuildConfiguration section */
		DDDA67AE1F991A1A00382EC1 /* Debug */ = {
			isa = XCBuildConfiguration;
			buildSettings = {
				ALWAYS_SEARCH_USER_PATHS = NO;
				CLANG_ANALYZER_NONNULL = YES;
				CLANG_ANALYZER_NUMBER_OBJECT_CONVERSION = YES_AGGRESSIVE;
				CLANG_CXX_LANGUAGE_STANDARD = "gnu++0x";
				CLANG_CXX_LIBRARY = "libc++";
				CLANG_ENABLE_MODULES = YES;
				CLANG_ENABLE_OBJC_ARC = YES;
				CLANG_WARN_BOOL_CONVERSION = YES;
				CLANG_WARN_CONSTANT_CONVERSION = YES;
				CLANG_WARN_DIRECT_OBJC_ISA_USAGE = YES_ERROR;
				CLANG_WARN_DOCUMENTATION_COMMENTS = YES;
				CLANG_WARN_EMPTY_BODY = YES;
				CLANG_WARN_ENUM_CONVERSION = YES;
				CLANG_WARN_INFINITE_RECURSION = YES;
				CLANG_WARN_INT_CONVERSION = YES;
				CLANG_WARN_OBJC_ROOT_CLASS = YES_ERROR;
				CLANG_WARN_SUSPICIOUS_MOVE = YES;
				CLANG_WARN_UNREACHABLE_CODE = YES;
				CLANG_WARN__DUPLICATE_METHOD_MATCH = YES;
				"CODE_SIGN_IDENTITY[sdk=iphoneos*]" = "iPhone Developer";
				COPY_PHASE_STRIP = NO;
				DEBUG_INFORMATION_FORMAT = dwarf;
				ENABLE_STRICT_OBJC_MSGSEND = YES;
				ENABLE_TESTABILITY = YES;
				GCC_C_LANGUAGE_STANDARD = gnu99;
				GCC_DYNAMIC_NO_PIC = NO;
				GCC_NO_COMMON_BLOCKS = YES;
				GCC_OPTIMIZATION_LEVEL = 0;
				GCC_PREPROCESSOR_DEFINITIONS = (
					"DEBUG=1",
					"$(inherited)",
				);
				GCC_WARN_64_TO_32_BIT_CONVERSION = YES;
				GCC_WARN_ABOUT_RETURN_TYPE = YES_ERROR;
				GCC_WARN_UNDECLARED_SELECTOR = YES;
				GCC_WARN_UNINITIALIZED_AUTOS = YES_AGGRESSIVE;
				GCC_WARN_UNUSED_FUNCTION = YES;
				GCC_WARN_UNUSED_VARIABLE = YES;
				IPHONEOS_DEPLOYMENT_TARGET = 10.3;
				MTL_ENABLE_DEBUG_INFO = YES;
				ONLY_ACTIVE_ARCH = YES;
				SDKROOT = iphoneos;
				SWIFT_ACTIVE_COMPILATION_CONDITIONS = DEBUG;
				SWIFT_OPTIMIZATION_LEVEL = "-Onone";
			};
			name = Debug;
		};
		DDDA67AF1F991A1A00382EC1 /* Release */ = {
			isa = XCBuildConfiguration;
			buildSettings = {
				ALWAYS_SEARCH_USER_PATHS = NO;
				CLANG_ANALYZER_NONNULL = YES;
				CLANG_ANALYZER_NUMBER_OBJECT_CONVERSION = YES_AGGRESSIVE;
				CLANG_CXX_LANGUAGE_STANDARD = "gnu++0x";
				CLANG_CXX_LIBRARY = "libc++";
				CLANG_ENABLE_MODULES = YES;
				CLANG_ENABLE_OBJC_ARC = YES;
				CLANG_WARN_BOOL_CONVERSION = YES;
				CLANG_WARN_CONSTANT_CONVERSION = YES;
				CLANG_WARN_DIRECT_OBJC_ISA_USAGE = YES_ERROR;
				CLANG_WARN_DOCUMENTATION_COMMENTS = YES;
				CLANG_WARN_EMPTY_BODY = YES;
				CLANG_WARN_ENUM_CONVERSION = YES;
				CLANG_WARN_INFINITE_RECURSION = YES;
				CLANG_WARN_INT_CONVERSION = YES;
				CLANG_WARN_OBJC_ROOT_CLASS = YES_ERROR;
				CLANG_WARN_SUSPICIOUS_MOVE = YES;
				CLANG_WARN_UNREACHABLE_CODE = YES;
				CLANG_WARN__DUPLICATE_METHOD_MATCH = YES;
				"CODE_SIGN_IDENTITY[sdk=iphoneos*]" = "iPhone Developer";
				COPY_PHASE_STRIP = NO;
				DEBUG_INFORMATION_FORMAT = "dwarf-with-dsym";
				ENABLE_NS_ASSERTIONS = NO;
				ENABLE_STRICT_OBJC_MSGSEND = YES;
				GCC_C_LANGUAGE_STANDARD = gnu99;
				GCC_NO_COMMON_BLOCKS = YES;
				GCC_WARN_64_TO_32_BIT_CONVERSION = YES;
				GCC_WARN_ABOUT_RETURN_TYPE = YES_ERROR;
				GCC_WARN_UNDECLARED_SELECTOR = YES;
				GCC_WARN_UNINITIALIZED_AUTOS = YES_AGGRESSIVE;
				GCC_WARN_UNUSED_FUNCTION = YES;
				GCC_WARN_UNUSED_VARIABLE = YES;
				IPHONEOS_DEPLOYMENT_TARGET = 10.3;
				MTL_ENABLE_DEBUG_INFO = NO;
				SDKROOT = iphoneos;
				SWIFT_OPTIMIZATION_LEVEL = "-Owholemodule";
				VALIDATE_PRODUCT = YES;
			};
			name = Release;
		};
		DDDA67B11F991A1A00382EC1 /* Debug */ = {
			isa = XCBuildConfiguration;
			buildSettings = {
				ASSETCATALOG_COMPILER_APPICON_NAME = AppIcon;
				INFOPLIST_FILE = Midterm1NEW/Info.plist;
				LD_RUNPATH_SEARCH_PATHS = "$(inherited) @executable_path/Frameworks";
				PRODUCT_BUNDLE_IDENTIFIER = ATLS4120.Midterm1NEW;
				PRODUCT_NAME = "$(TARGET_NAME)";
				SWIFT_VERSION = 3.0;
			};
			name = Debug;
		};
		DDDA67B21F991A1A00382EC1 /* Release */ = {
			isa = XCBuildConfiguration;
			buildSettings = {
				ASSETCATALOG_COMPILER_APPICON_NAME = AppIcon;
				INFOPLIST_FILE = Midterm1NEW/Info.plist;
				LD_RUNPATH_SEARCH_PATHS = "$(inherited) @executable_path/Frameworks";
				PRODUCT_BUNDLE_IDENTIFIER = ATLS4120.Midterm1NEW;
				PRODUCT_NAME = "$(TARGET_NAME)";
				SWIFT_VERSION = 3.0;
			};
			name = Release;
		};
/* End XCBuildConfiguration section */

/* Begin XCConfigurationList section */
		DDDA67991F991A1900382EC1 /* Build configuration list for PBXProject "Midterm1NEW" */ = {
			isa = XCConfigurationList;
			buildConfigurations = (
				DDDA67AE1F991A1A00382EC1 /* Debug */,
				DDDA67AF1F991A1A00382EC1 /* Release */,
			);
			defaultConfigurationIsVisible = 0;
			defaultConfigurationName = Release;
		};
		DDDA67B01F991A1A00382EC1 /* Build configuration list for PBXNativeTarget "Midterm1NEW" */ = {
			isa = XCConfigurationList;
			buildConfigurations = (
				DDDA67B11F991A1A00382EC1 /* Debug */,
				DDDA67B21F991A1A00382EC1 /* Release */,
			);
			defaultConfigurationIsVisible = 0;
		};
/* End XCConfigurationList section */
	};
	rootObject = DDDA67961F991A1900382EC1 /* Project object */;
}
